Microsoft Visual Studio Solution File, Format Version 12.00
# Visual Studio Version 17
VisualStudioVersion = 17.5.2.0
MinimumVisualStudioVersion = 10.0.40219.1
Project("{FAE04EC0-301F-11D3-BF4B-00C04F79EFBC}") = "smart-pet-care-api", "smart-pet-care-api.csproj", "{3DE7B3BC-205F-F299-ED05-C0B881D389CC}"
EndProject
Global
	GlobalSection(SolutionConfigurationPlatforms) = preSolution
		Debug|Any CPU = Debug|Any CPU
		Release|Any CPU = Release|Any CPU
	EndGlobalSection
	GlobalSection(ProjectConfigurationPlatforms) = postSolution
		{3DE7B3BC-205F-F299-ED05-C0B881D389CC}.Debug|Any CPU.ActiveCfg = Debug|Any CPU
		{3DE7B3BC-205F-F299-ED05-C0B881D389CC}.Debug|Any CPU.Build.0 = Debug|Any CPU
		{3DE7B3BC-205F-F299-ED05-C0B881D389CC}.Release|Any CPU.ActiveCfg = Release|Any CPU
		{3DE7B3BC-205F-F299-ED05-C0B881D389CC}.Release|Any CPU.Build.0 = Release|Any CPU
	EndGlobalSection
	GlobalSection(SolutionProperties) = preSolution
		HideSolutionNode = FALSE
	EndGlobalSection
	GlobalSection(ExtensibilityGlobals) = postSolution
		SolutionGuid = {4D74BCE4-59EE-4BB7-A972-6A3233C3CF31}
	EndGlobalSection
EndGlobal
